
Microsoft Visual Studio Solution File, Format Version 12.00
# Visual Studio Version 16
VisualStudioVersion = 16.0.30804.86
MinimumVisualStudioVersion = 10.0.40219.1
Project("{9A19103F-16F7-4668-BE54-9A1E7A4F7556}") = "Androtomist", "Androtomist.csproj", "{C93FBB1A-040E-45E3-9A13-3EE1F8C851CA}"
EndProject
Project("{9A19103F-16F7-4668-BE54-9A1E7A4F7556}") = "APKProfiler", "..\APKProfiler\APKProfiler.csproj", "{A981BDBF-BF50-4BA8-BA37-CB7FA599D7D3}"
EndProject
Project("{9A19103F-16F7-4668-BE54-9A1E7A4F7556}") = "Runner", "..\Runner\Runner.csproj", "{6E3B7670-CA0D-4016-869E-C4BA8FFE13CA}"
EndProject
Global
	GlobalSection(SolutionConfigurationPlatforms) = preSolution
		Debug|Any CPU = Debug|Any CPU
		Release|Any CPU = Release|Any CPU
	EndGlobalSection
	GlobalSection(ProjectConfigurationPlatforms) = postSolution
		{C93FBB1A-040E-45E3-9A13-3EE1F8C851CA}.Debug|Any CPU.ActiveCfg = Debug|Any CPU
		{C93FBB1A-040E-45E3-9A13-3EE1F8C851CA}.Debug|Any CPU.Build.0 = Debug|Any CPU
		{C93FBB1A-040E-45E3-9A13-3EE1F8C851CA}.Release|Any CPU.ActiveCfg = Release|Any CPU
		{C93FBB1A-040E-45E3-9A13-3EE1F8C851CA}.Release|Any CPU.Build.0 = Release|Any CPU
		{A981BDBF-BF50-4BA8-BA37-CB7FA599D7D3}.Debug|Any CPU.ActiveCfg = Debug|Any CPU
		{A981BDBF-BF50-4BA8-BA37-CB7FA599D7D3}.Debug|Any CPU.Build.0 = Debug|Any CPU
		{A981BDBF-BF50-4BA8-BA37-CB7FA599D7D3}.Release|Any CPU.ActiveCfg = Release|Any CPU
		{A981BDBF-BF50-4BA8-BA37-CB7FA599D7D3}.Release|Any CPU.Build.0 = Release|Any CPU
		{6E3B7670-CA0D-4016-869E-C4BA8FFE13CA}.Debug|Any CPU.ActiveCfg = Debug|Any CPU
		{6E3B7670-CA0D-4016-869E-C4BA8FFE13CA}.Debug|Any CPU.Build.0 = Debug|Any CPU
		{6E3B7670-CA0D-4016-869E-C4BA8FFE13CA}.Release|Any CPU.ActiveCfg = Release|Any CPU
		{6E3B7670-CA0D-4016-869E-C4BA8FFE13CA}.Release|Any CPU.Build.0 = Release|Any CPU
	EndGlobalSection
	GlobalSection(SolutionProperties) = preSolution
		HideSolutionNode = FALSE
	EndGlobalSection
	GlobalSection(ExtensibilityGlobals) = postSolution
		SolutionGuid = {2CDBBF3C-A378-459C-898C-885634F0B844}
	EndGlobalSection
EndGlobal
