
Microsoft Visual Studio Solution File, Format Version 12.00
# Visual Studio Version 16
VisualStudioVersion = 16.0.30804.86
MinimumVisualStudioVersion = 10.0.40219.1
Project("{9A19103F-16F7-4668-BE54-9A1E7A4F7556}") = "Runner", "Runner.csproj", "{903C0241-0C59-427D-B977-614E533A27F2}"
EndProject
Project("{9A19103F-16F7-4668-BE54-9A1E7A4F7556}") = "Androtomist", "..\Androtomist\Androtomist.csproj", "{78B2A091-E946-4A19-9E6B-868528E86D4B}"
EndProject
Project("{9A19103F-16F7-4668-BE54-9A1E7A4F7556}") = "APKProfiler", "..\APKProfiler\APKProfiler.csproj", "{8B8566E9-21D1-4E02-AF26-F86109B19C5A}"
EndProject
Global
	GlobalSection(SolutionConfigurationPlatforms) = preSolution
		Debug|Any CPU = Debug|Any CPU
		Release|Any CPU = Release|Any CPU
	EndGlobalSection
	GlobalSection(ProjectConfigurationPlatforms) = postSolution
		{903C0241-0C59-427D-B977-614E533A27F2}.Debug|Any CPU.ActiveCfg = Debug|Any CPU
		{903C0241-0C59-427D-B977-614E533A27F2}.Debug|Any CPU.Build.0 = Debug|Any CPU
		{903C0241-0C59-427D-B977-614E533A27F2}.Release|Any CPU.ActiveCfg = Release|Any CPU
		{903C0241-0C59-427D-B977-614E533A27F2}.Release|Any CPU.Build.0 = Release|Any CPU
		{78B2A091-E946-4A19-9E6B-868528E86D4B}.Debug|Any CPU.ActiveCfg = Debug|Any CPU
		{78B2A091-E946-4A19-9E6B-868528E86D4B}.Debug|Any CPU.Build.0 = Debug|Any CPU
		{78B2A091-E946-4A19-9E6B-868528E86D4B}.Release|Any CPU.ActiveCfg = Release|Any CPU
		{78B2A091-E946-4A19-9E6B-868528E86D4B}.Release|Any CPU.Build.0 = Release|Any CPU
		{8B8566E9-21D1-4E02-AF26-F86109B19C5A}.Debug|Any CPU.ActiveCfg = Debug|Any CPU
		{8B8566E9-21D1-4E02-AF26-F86109B19C5A}.Debug|Any CPU.Build.0 = Debug|Any CPU
		{8B8566E9-21D1-4E02-AF26-F86109B19C5A}.Release|Any CPU.ActiveCfg = Release|Any CPU
		{8B8566E9-21D1-4E02-AF26-F86109B19C5A}.Release|Any CPU.Build.0 = Release|Any CPU
	EndGlobalSection
	GlobalSection(SolutionProperties) = preSolution
		HideSolutionNode = FALSE
	EndGlobalSection
	GlobalSection(ExtensibilityGlobals) = postSolution
		SolutionGuid = {186BCC72-F93F-4B70-8D18-63AD88D845F2}
	EndGlobalSection
EndGlobal
